
Microsoft Visual Studio Solution File, Format Version 12.00
# Visual Studio Version 16
VisualStudioVersion = 16.0.29021.104
MinimumVisualStudioVersion = 10.0.40219.1
Project("{FAE04EC0-301F-11D3-BF4B-00C04F79EFBC}") = "RazorPagesMovie", "RazorPagesMovie\RazorPagesMovie.csproj", "{2F651F2D-E386-4596-947E-065828E73133}"
EndProject
Global
	GlobalSection(SolutionConfigurationPlatforms) = preSolution
		Debug|Any CPU = Debug|Any CPU
		Release|Any CPU = Release|Any CPU
	EndGlobalSection
	GlobalSection(ProjectConfigurationPlatforms) = postSolution
		{2F651F2D-E386-4596-947E-065828E73133}.Debug|Any CPU.ActiveCfg = Debug|Any CPU
		{2F651F2D-E386-4596-947E-065828E73133}.Debug|Any CPU.Build.0 = Debug|Any CPU
		{2F651F2D-E386-4596-947E-065828E73133}.Release|Any CPU.ActiveCfg = Release|Any CPU
		{2F651F2D-E386-4596-947E-065828E73133}.Release|Any CPU.Build.0 = Release|Any CPU
	EndGlobalSection
	GlobalSection(SolutionProperties) = preSolution
		HideSolutionNode = FALSE
	EndGlobalSection
	GlobalSection(ExtensibilityGlobals) = postSolution
		SolutionGuid = {99CCDAA3-B664-4D98-BB99-C01680DB1FC9}
	EndGlobalSection
EndGlobal
